// !$*UTF8*$!
{
	archiveVersion = 1;
	classes = {
	};
	objectVersion = 46;
	objects = {

/* Begin PBXBuildFile section */
		23BBDBA2205A227B004B3040 /* main.m in Sources */ = {isa = PBXBuildFile; fileRef = 23BBDBA1205A227B004B3040 /* main.m */; };
		23BBDBA5205A227B004B3040 /* AppDelegate.m in Sources */ = {isa = PBXBuildFile; fileRef = 23BBDBA4205A227B004B3040 /* AppDelegate.m */; };
		23BBDBA8205A227B004B3040 /* ViewController.m in Sources */ = {isa = PBXBuildFile; fileRef = 23BBDBA7205A227B004B3040 /* ViewController.m */; };
		23BBDBAB205A227B004B3040 /* Main.storyboard in Resources */ = {isa = PBXBuildFile; fileRef = 23BBDBA9205A227B004B3040 /* Main.storyboard */; };
		23BBDBAD205A227B004B3040 /* Assets.xcassets in Resources */ = {isa = PBXBuildFile; fileRef = 23BBDBAC205A227B004B3040 /* Assets.xcassets */; };
		23BBDBB0205A227B004B3040 /* LaunchScreen.storyboard in Resources */ = {isa = PBXBuildFile; fileRef = 23BBDBAE205A227B004B3040 /* LaunchScreen.storyboard */; };
		23BBDBBB205A227B004B3040 /* OrangePiPiPiPiTests.m in Sources */ = {isa = PBXBuildFile; fileRef = 23BBDBBA205A227B004B3040 /* OrangePiPiPiPiTests.m */; };
		23BBDBC6205A227B004B3040 /* OrangePiPiPiPiUITests.m in Sources */ = {isa = PBXBuildFile; fileRef = 23BBDBC5205A227B004B3040 /* OrangePiPiPiPiUITests.m */; };
/* End PBXBuildFile section */

/* Begin PBXContainerItemProxy section */
		23BBDBB7205A227B004B3040 /* PBXContainerItemProxy */ = {
			isa = PBXContainerItemProxy;
			containerPortal = 23BBDB95205A227B004B3040 /* Project object */;
			proxyType = 1;
			remoteGlobalIDString = 23BBDB9C205A227B004B3040;
			remoteInfo = OrangePiPiPiPi;
		};
		23BBDBC2205A227B004B3040 /* PBXContainerItemProxy */ = {
			isa = PBXContainerItemProxy;
			containerPortal = 23BBDB95205A227B004B3040 /* Project object */;
			proxyType = 1;
			remoteGlobalIDString = 23BBDB9C205A227B004B3040;
			remoteInfo = OrangePiPiPiPi;
		};
/* End PBXContainerItemProxy section */

/* Begin PBXFileReference section */
		23BBDB9D205A227B004B3040 /* OrangePiPiPiPi.app */ = {isa = PBXFileReference; explicitFileType = wrapper.application; includeInIndex = 0; path = OrangePiPiPiPi.app; sourceTree = BUILT_PRODUCTS_DIR; };
		23BBDBA1205A227B004B3040 /* main.m */ = {isa = PBXFileReference; lastKnownFileType = sourcecode.c.objc; path = main.m; sourceTree = "<group>"; };
		23BBDBA3205A227B004B3040 /* AppDelegate.h */ = {isa = PBXFileReference; lastKnownFileType = sourcecode.c.h; path = AppDelegate.h; sourceTree = "<group>"; };
		23BBDBA4205A227B004B3040 /* AppDelegate.m */ = {isa = PBXFileReference; lastKnownFileType = sourcecode.c.objc; path = AppDelegate.m; sourceTree = "<group>"; };
		23BBDBA6205A227B004B3040 /* ViewController.h */ = {isa = PBXFileReference; lastKnownFileType = sourcecode.c.h; path = ViewController.h; sourceTree = "<group>"; };
		23BBDBA7205A227B004B3040 /* ViewController.m */ = {isa = PBXFileReference; lastKnownFileType = sourcecode.c.objc; path = ViewController.m; sourceTree = "<group>"; };
		23BBDBAA205A227B004B3040 /* Base */ = {isa = PBXFileReference; lastKnownFileType = file.storyboard; name = Base; path = Base.lproj/Main.storyboard; sourceTree = "<group>"; };
		23BBDBAC205A227B004B3040 /* Assets.xcassets */ = {isa = PBXFileReference; lastKnownFileType = folder.assetcatalog; path = Assets.xcassets; sourceTree = "<group>"; };
		23BBDBAF205A227B004B3040 /* Base */ = {isa = PBXFileReference; lastKnownFileType = file.storyboard; name = Base; path = Base.lproj/LaunchScreen.storyboard; sourceTree = "<group>"; };
		23BBDBB1205A227B004B3040 /* Info.plist */ = {isa = PBXFileReference; lastKnownFileType = text.plist.xml; path = Info.plist; sourceTree = "<group>"; };
		23BBDBB6205A227B004B3040 /* OrangePiPiPiPiTests.xctest */ = {isa = PBXFileReference; explicitFileType = wrapper.cfbundle; includeInIndex = 0; path = OrangePiPiPiPiTests.xctest; sourceTree = BUILT_PRODUCTS_DIR; };
		23BBDBBA205A227B004B3040 /* OrangePiPiPiPiTests.m */ = {isa = PBXFileReference; lastKnownFileType = sourcecode.c.objc; path = OrangePiPiPiPiTests.m; sourceTree = "<group>"; };
		23BBDBBC205A227B004B3040 /* Info.plist */ = {isa = PBXFileReference; lastKnownFileType = text.plist.xml; path = Info.plist; sourceTree = "<group>"; };
		23BBDBC1205A227B004B3040 /* OrangePiPiPiPiUITests.xctest */ = {isa = PBXFileReference; explicitFileType = wrapper.cfbundle; includeInIndex = 0; path = OrangePiPiPiPiUITests.xctest; sourceTree = BUILT_PRODUCTS_DIR; };
		23BBDBC5205A227B004B3040 /* OrangePiPiPiPiUITests.m */ = {isa = PBXFileReference; lastKnownFileType = sourcecode.c.objc; path = OrangePiPiPiPiUITests.m; sourceTree = "<group>"; };
		23BBDBC7205A227B004B3040 /* Info.plist */ = {isa = PBXFileReference; lastKnownFileType = text.plist.xml; path = Info.plist; sourceTree = "<group>"; };
/* End PBXFileReference section */

/* Begin PBXFrameworksBuildPhase section */
		23BBDB9A205A227B004B3040 /* Frameworks */ = {
			isa = PBXFrameworksBuildPhase;
			buildActionMask = 2147483647;
			files = (
			);
			runOnlyForDeploymentPostprocessing = 0;
		};
		23BBDBB3205A227B004B3040 /* Frameworks */ = {
			isa = PBXFrameworksBuildPhase;
			buildActionMask = 2147483647;
			files = (
			);
			runOnlyForDeploymentPostprocessing = 0;
		};
		23BBDBBE205A227B004B3040 /* Frameworks */ = {
			isa = PBXFrameworksBuildPhase;
			buildActionMask = 2147483647;
			files = (
			);
			runOnlyForDeploymentPostprocessing = 0;
		};
/* End PBXFrameworksBuildPhase section */

/* Begin PBXGroup section */
		23BBDB94205A227A004B3040 = {
			isa = PBXGroup;
			children = (
				23BBDB9F205A227B004B3040 /* OrangePiPiPiPi */,
				23BBDBB9205A227B004B3040 /* OrangePiPiPiPiTests */,
				23BBDBC4205A227B004B3040 /* OrangePiPiPiPiUITests */,
				23BBDB9E205A227B004B3040 /* Products */,
			);
			sourceTree = "<group>";
		};
		23BBDB9E205A227B004B3040 /* Products */ = {
			isa = PBXGroup;
			children = (
				23BBDB9D205A227B004B3040 /* OrangePiPiPiPi.app */,
				23BBDBB6205A227B004B3040 /* OrangePiPiPiPiTests.xctest */,
				23BBDBC1205A227B004B3040 /* OrangePiPiPiPiUITests.xctest */,
			);
			name = Products;
			sourceTree = "<group>";
		};
		23BBDB9F205A227B004B3040 /* OrangePiPiPiPi */ = {
			isa = PBXGroup;
			children = (
				23BBDBA3205A227B004B3040 /* AppDelegate.h */,
				23BBDBA4205A227B004B3040 /* AppDelegate.m */,
				23BBDBA6205A227B004B3040 /* ViewController.h */,
				23BBDBA7205A227B004B3040 /* ViewController.m */,
				23BBDBA9205A227B004B3040 /* Main.storyboard */,
				23BBDBAC205A227B004B3040 /* Assets.xcassets */,
				23BBDBAE205A227B004B3040 /* LaunchScreen.storyboard */,
				23BBDBB1205A227B004B3040 /* Info.plist */,
				23BBDBA0205A227B004B3040 /* Supporting Files */,
			);
			path = OrangePiPiPiPi;
			sourceTree = "<group>";
		};
		23BBDBA0205A227B004B3040 /* Supporting Files */ = {
			isa = PBXGroup;
			children = (
				23BBDBA1205A227B004B3040 /* main.m */,
			);
			name = "Supporting Files";
			sourceTree = "<group>";
		};
		23BBDBB9205A227B004B3040 /* OrangePiPiPiPiTests */ = {
			isa = PBXGroup;
			children = (
				23BBDBBA205A227B004B3040 /* OrangePiPiPiPiTests.m */,
				23BBDBBC205A227B004B3040 /* Info.plist */,
			);
			path = OrangePiPiPiPiTests;
			sourceTree = "<group>";
		};
		23BBDBC4205A227B004B3040 /* OrangePiPiPiPiUITests */ = {
			isa = PBXGroup;
			children = (
				23BBDBC5205A227B004B3040 /* OrangePiPiPiPiUITests.m */,
				23BBDBC7205A227B004B3040 /* Info.plist */,
			);
			path = OrangePiPiPiPiUITests;
			sourceTree = "<group>";
		};
/* End PBXGroup section */

/* Begin PBXNativeTarget section */
		23BBDB9C205A227B004B3040 /* OrangePiPiPiPi */ = {
			isa = PBXNativeTarget;
			buildConfigurationList = 23BBDBCA205A227B004B3040 /* Build configuration list for PBXNativeTarget "OrangePiPiPiPi" */;
			buildPhases = (
				23BBDB99205A227B004B3040 /* Sources */,
				23BBDB9A205A227B004B3040 /* Frameworks */,
				23BBDB9B205A227B004B3040 /* Resources */,
			);
			buildRules = (
			);
			dependencies = (
			);
			name = OrangePiPiPiPi;
			productName = OrangePiPiPiPi;
			productReference = 23BBDB9D205A227B004B3040 /* OrangePiPiPiPi.app */;
			productType = "com.apple.product-type.application";
		};
		23BBDBB5205A227B004B3040 /* OrangePiPiPiPiTests */ = {
			isa = PBXNativeTarget;
			buildConfigurationList = 23BBDBCD205A227B004B3040 /* Build configuration list for PBXNativeTarget "OrangePiPiPiPiTests" */;
			buildPhases = (
				23BBDBB2205A227B004B3040 /* Sources */,
				23BBDBB3205A227B004B3040 /* Frameworks */,
				23BBDBB4205A227B004B3040 /* Resources */,
			);
			buildRules = (
			);
			dependencies = (
				23BBDBB8205A227B004B3040 /* PBXTargetDependency */,
			);
			name = OrangePiPiPiPiTests;
			productName = OrangePiPiPiPiTests;
			productReference = 23BBDBB6205A227B004B3040 /* OrangePiPiPiPiTests.xctest */;
			productType = "com.apple.product-type.bundle.unit-test";
		};
		23BBDBC0205A227B004B3040 /* OrangePiPiPiPiUITests */ = {
			isa = PBXNativeTarget;
			buildConfigurationList = 23BBDBD0205A227B004B3040 /* Build configuration list for PBXNativeTarget "OrangePiPiPiPiUITests" */;
			buildPhases = (
				23BBDBBD205A227B004B3040 /* Sources */,
				23BBDBBE205A227B004B3040 /* Frameworks */,
				23BBDBBF205A227B004B3040 /* Resources */,
			);
			buildRules = (
			);
			dependencies = (
				23BBDBC3205A227B004B3040 /* PBXTargetDependency */,
			);
			name = OrangePiPiPiPiUITests;
			productName = OrangePiPiPiPiUITests;
			productReference = 23BBDBC1205A227B004B3040 /* OrangePiPiPiPiUITests.xctest */;
			productType = "com.apple.product-type.bundle.ui-testing";
		};
/* End PBXNativeTarget section */

/* Begin PBXProject section */
		23BBDB95205A227B004B3040 /* Project object */ = {
			isa = PBXProject;
			attributes = {
				LastUpgradeCheck = 0830;
				ORGANIZATIONNAME = zunyi;
				TargetAttributes = {
					23BBDB9C205A227B004B3040 = {
						CreatedOnToolsVersion = 8.3.1;
						DevelopmentTeam = 47DQ574YY5;
						ProvisioningStyle = Automatic;
					};
					23BBDBB5205A227B004B3040 = {
						CreatedOnToolsVersion = 8.3.1;
						DevelopmentTeam = 47DQ574YY5;
						ProvisioningStyle = Automatic;
						TestTargetID = 23BBDB9C205A227B004B3040;
					};
					23BBDBC0205A227B004B3040 = {
						CreatedOnToolsVersion = 8.3.1;
						DevelopmentTeam = 47DQ574YY5;
						ProvisioningStyle = Automatic;
						TestTargetID = 23BBDB9C205A227B004B3040;
					};
				};
			};
			buildConfigurationList = 23BBDB98205A227B004B3040 /* Build configuration list for PBXProject "OrangePiPiPiPi" */;
			compatibilityVersion = "Xcode 3.2";
			developmentRegion = English;
			hasScannedForEncodings = 0;
			knownRegions = (
				en,
				Base,
			);
			mainGroup = 23BBDB94205A227A004B3040;
			productRefGroup = 23BBDB9E205A227B004B3040 /* Products */;
			projectDirPath = "";
			projectRoot = "";
			targets = (
				23BBDB9C205A227B004B3040 /* OrangePiPiPiPi */,
				23BBDBB5205A227B004B3040 /* OrangePiPiPiPiTests */,
				23BBDBC0205A227B004B3040 /* OrangePiPiPiPiUITests */,
			);
		};
/* End PBXProject section */

/* Begin PBXResourcesBuildPhase section */
		23BBDB9B205A227B004B3040 /* Resources */ = {
			isa = PBXResourcesBuildPhase;
			buildActionMask = 2147483647;
			files = (
				23BBDBB0205A227B004B3040 /* LaunchScreen.storyboard in Resources */,
				23BBDBAD205A227B004B3040 /* Assets.xcassets in Resources */,
				23BBDBAB205A227B004B3040 /* Main.storyboard in Resources */,
			);
			runOnlyForDeploymentPostprocessing = 0;
		};
		23BBDBB4205A227B004B3040 /* Resources */ = {
			isa = PBXResourcesBuildPhase;
			buildActionMask = 2147483647;
			files = (
			);
			runOnlyForDeploymentPostprocessing = 0;
		};
		23BBDBBF205A227B004B3040 /* Resources */ = {
			isa = PBXResourcesBuildPhase;
			buildActionMask = 2147483647;
			files = (
			);
			runOnlyForDeploymentPostprocessing = 0;
		};
/* End PBXResourcesBuildPhase section */

/* Begin PBXSourcesBuildPhase section */
		23BBDB99205A227B004B3040 /* Sources */ = {
			isa = PBXSourcesBuildPhase;
			buildActionMask = 2147483647;
			files = (
				23BBDBA8205A227B004B3040 /* ViewController.m in Sources */,
				23BBDBA5205A227B004B3040 /* AppDelegate.m in Sources */,
				23BBDBA2205A227B004B3040 /* main.m in Sources */,
			);
			runOnlyForDeploymentPostprocessing = 0;
		};
		23BBDBB2205A227B004B3040 /* Sources */ = {
			isa = PBXSourcesBuildPhase;
			buildActionMask = 2147483647;
			files = (
				23BBDBBB205A227B004B3040 /* OrangePiPiPiPiTests.m in Sources */,
			);
			runOnlyForDeploymentPostprocessing = 0;
		};
		23BBDBBD205A227B004B3040 /* Sources */ = {
			isa = PBXSourcesBuildPhase;
			buildActionMask = 2147483647;
			files = (
				23BBDBC6205A227B004B3040 /* OrangePiPiPiPiUITests.m in Sources */,
			);
			runOnlyForDeploymentPostprocessing = 0;
		};
/* End PBXSourcesBuildPhase section */

/* Begin PBXTargetDependency section */
		23BBDBB8205A227B004B3040 /* PBXTargetDependency */ = {
			isa = PBXTargetDependency;
			target = 23BBDB9C205A227B004B3040 /* OrangePiPiPiPi */;
			targetProxy = 23BBDBB7205A227B004B3040 /* PBXContainerItemProxy */;
		};
		23BBDBC3205A227B004B3040 /* PBXTargetDependency */ = {
			isa = PBXTargetDependency;
			target = 23BBDB9C205A227B004B3040 /* OrangePiPiPiPi */;
			targetProxy = 23BBDBC2205A227B004B3040 /* PBXContainerItemProxy */;
		};
/* End PBXTargetDependency section */

/* Begin PBXVariantGroup section */
		23BBDBA9205A227B004B3040 /* Main.storyboard */ = {
			isa = PBXVariantGroup;
			children = (
				23BBDBAA205A227B004B3040 /* Base */,
			);
			name = Main.storyboard;
			sourceTree = "<group>";
		};
		23BBDBAE205A227B004B3040 /* LaunchScreen.storyboard */ = {
			isa = PBXVariantGroup;
			children = (
				23BBDBAF205A227B004B3040 /* Base */,
			);
			name = LaunchScreen.storyboard;
			sourceTree = "<group>";
		};
/* End PBXVariantGroup section */

/* Begin XCBuildConfiguration section */
		23BBDBC8205A227B004B3040 /* Debug */ = {
			isa = XCBuildConfiguration;
			buildSettings = {
				ALWAYS_SEARCH_USER_PATHS = NO;
				CLANG_ANALYZER_NONNULL = YES;
				CLANG_ANALYZER_NUMBER_OBJECT_CONVERSION = YES_AGGRESSIVE;
				CLANG_CXX_LANGUAGE_STANDARD = "gnu++0x";
				CLANG_CXX_LIBRARY = "libc++";
				CLANG_ENABLE_MODULES = YES;
				CLANG_ENABLE_OBJC_ARC = YES;
				CLANG_WARN_BOOL_CONVERSION = YES;
				CLANG_WARN_CONSTANT_CONVERSION = YES;
				CLANG_WARN_DIRECT_OBJC_ISA_USAGE = YES_ERROR;
				CLANG_WARN_DOCUMENTATION_COMMENTS = YES;
				CLANG_WARN_EMPTY_BODY = YES;
				CLANG_WARN_ENUM_CONVERSION = YES;
				CLANG_WARN_INFINITE_RECURSION = YES;
				CLANG_WARN_INT_CONVERSION = YES;
				CLANG_WARN_OBJC_ROOT_CLASS = YES_ERROR;
				CLANG_WARN_SUSPICIOUS_MOVE = YES;
				CLANG_WARN_UNREACHABLE_CODE = YES;
				CLANG_WARN__DUPLICATE_METHOD_MATCH = YES;
				"CODE_SIGN_IDENTITY[sdk=iphoneos*]" = "iPhone Developer";
				COPY_PHASE_STRIP = NO;
				DEBUG_INFORMATION_FORMAT = dwarf;
				ENABLE_STRICT_OBJC_MSGSEND = YES;
				ENABLE_TESTABILITY = YES;
				GCC_C_LANGUAGE_STANDARD = gnu99;
				GCC_DYNAMIC_NO_PIC = NO;
				GCC_NO_COMMON_BLOCKS = YES;
				GCC_OPTIMIZATION_LEVEL = 0;
				GCC_PREPROCESSOR_DEFINITIONS = (
					"DEBUG=1",
					"$(inherited)",
				);
				GCC_WARN_64_TO_32_BIT_CONVERSION = YES;
				GCC_WARN_ABOUT_RETURN_TYPE = YES_ERROR;
				GCC_WARN_UNDECLARED_SELECTOR = YES;
				GCC_WARN_UNINITIALIZED_AUTOS = YES_AGGRESSIVE;
				GCC_WARN_UNUSED_FUNCTION = YES;
				GCC_WARN_UNUSED_VARIABLE = YES;
				IPHONEOS_DEPLOYMENT_TARGET = 10.3;
				MTL_ENABLE_DEBUG_INFO = YES;
				ONLY_ACTIVE_ARCH = YES;
				SDKROOT = iphoneos;
				TARGETED_DEVICE_FAMILY = "1,2";
			};
			name = Debug;
		};
		23BBDBC9205A227B004B3040 /* Release */ = {
			isa = XCBuildConfiguration;
			buildSettings = {
				ALWAYS_SEARCH_USER_PATHS = NO;
				CLANG_ANALYZER_NONNULL = YES;
				CLANG_ANALYZER_NUMBER_OBJECT_CONVERSION = YES_AGGRESSIVE;
				CLANG_CXX_LANGUAGE_STANDARD = "gnu++0x";
				CLANG_CXX_LIBRARY = "libc++";
				CLANG_ENABLE_MODULES = YES;
				CLANG_ENABLE_OBJC_ARC = YES;
				CLANG_WARN_BOOL_CONVERSION = YES;
				CLANG_WARN_CONSTANT_CONVERSION = YES;
				CLANG_WARN_DIRECT_OBJC_ISA_USAGE = YES_ERROR;
				CLANG_WARN_DOCUMENTATION_COMMENTS = YES;
				CLANG_WARN_EMPTY_BODY = YES;
				CLANG_WARN_ENUM_CONVERSION = YES;
				CLANG_WARN_INFINITE_RECURSION = YES;
				CLANG_WARN_INT_CONVERSION = YES;
				CLANG_WARN_OBJC_ROOT_CLASS = YES_ERROR;
				CLANG_WARN_SUSPICIOUS_MOVE = YES;
				CLANG_WARN_UNREACHABLE_CODE = YES;
				CLANG_WARN__DUPLICATE_METHOD_MATCH = YES;
				"CODE_SIGN_IDENTITY[sdk=iphoneos*]" = "iPhone Developer";
				COPY_PHASE_STRIP = NO;
				DEBUG_INFORMATION_FORMAT = "dwarf-with-dsym";
				ENABLE_NS_ASSERTIONS = NO;
				ENABLE_STRICT_OBJC_MSGSEND = YES;
				GCC_C_LANGUAGE_STANDARD = gnu99;
				GCC_NO_COMMON_BLOCKS = YES;
				GCC_WARN_64_TO_32_BIT_CONVERSION = YES;
				GCC_WARN_ABOUT_RETURN_TYPE = YES_ERROR;
				GCC_WARN_UNDECLARED_SELECTOR = YES;
				GCC_WARN_UNINITIALIZED_AUTOS = YES_AGGRESSIVE;
				GCC_WARN_UNUSED_FUNCTION = YES;
				GCC_WARN_UNUSED_VARIABLE = YES;
				IPHONEOS_DEPLOYMENT_TARGET = 10.3;
				MTL_ENABLE_DEBUG_INFO = NO;
				SDKROOT = iphoneos;
				TARGETED_DEVICE_FAMILY = "1,2";
				VALIDATE_PRODUCT = YES;
			};
			name = Release;
		};
		23BBDBCB205A227B004B3040 /* Debug */ = {
			isa = XCBuildConfiguration;
			buildSettings = {
				ASSETCATALOG_COMPILER_APPICON_NAME = AppIcon;
				DEVELOPMENT_TEAM = 47DQ574YY5;
				INFOPLIST_FILE = OrangePiPiPiPi/Info.plist;
				LD_RUNPATH_SEARCH_PATHS = "$(inherited) @executable_path/Frameworks";
				PRODUCT_BUNDLE_IDENTIFIER = OrangePiPiPiPi.OrangePiPiPiPi;
				PRODUCT_NAME = "$(TARGET_NAME)";
			};
			name = Debug;
		};
		23BBDBCC205A227B004B3040 /* Release */ = {
			isa = XCBuildConfiguration;
			buildSettings = {
				ASSETCATALOG_COMPILER_APPICON_NAME = AppIcon;
				DEVELOPMENT_TEAM = 47DQ574YY5;
				INFOPLIST_FILE = OrangePiPiPiPi/Info.plist;
				LD_RUNPATH_SEARCH_PATHS = "$(inherited) @executable_path/Frameworks";
				PRODUCT_BUNDLE_IDENTIFIER = OrangePiPiPiPi.OrangePiPiPiPi;
				PRODUCT_NAME = "$(TARGET_NAME)";
			};
			name = Release;
		};
		23BBDBCE205A227B004B3040 /* Debug */ = {
			isa = XCBuildConfiguration;
			buildSettings = {
				BUNDLE_LOADER = "$(TEST_HOST)";
				DEVELOPMENT_TEAM = 47DQ574YY5;
				INFOPLIST_FILE = OrangePiPiPiPiTests/Info.plist;
				LD_RUNPATH_SEARCH_PATHS = "$(inherited) @executable_path/Frameworks @loader_path/Frameworks";
				PRODUCT_BUNDLE_IDENTIFIER = OrangePiPiPiPi.OrangePiPiPiPiTests;
				PRODUCT_NAME = "$(TARGET_NAME)";
				TEST_HOST = "$(BUILT_PRODUCTS_DIR)/OrangePiPiPiPi.app/OrangePiPiPiPi";
			};
			name = Debug;
		};
		23BBDBCF205A227B004B3040 /* Release */ = {
			isa = XCBuildConfiguration;
			buildSettings = {
				BUNDLE_LOADER = "$(TEST_HOST)";
				DEVELOPMENT_TEAM = 47DQ574YY5;
				INFOPLIST_FILE = OrangePiPiPiPiTests/Info.plist;
				LD_RUNPATH_SEARCH_PATHS = "$(inherited) @executable_path/Frameworks @loader_path/Frameworks";
				PRODUCT_BUNDLE_IDENTIFIER = OrangePiPiPiPi.OrangePiPiPiPiTests;
				PRODUCT_NAME = "$(TARGET_NAME)";
				TEST_HOST = "$(BUILT_PRODUCTS_DIR)/OrangePiPiPiPi.app/OrangePiPiPiPi";
			};
			name = Release;
		};
		23BBDBD1205A227B004B3040 /* Debug */ = {
			isa = XCBuildConfiguration;
			buildSettings = {
				DEVELOPMENT_TEAM = 47DQ574YY5;
				INFOPLIST_FILE = OrangePiPiPiPiUITests/Info.plist;
				LD_RUNPATH_SEARCH_PATHS = "$(inherited) @executable_path/Frameworks @loader_path/Frameworks";
				PRODUCT_BUNDLE_IDENTIFIER = OrangePiPiPiPi.OrangePiPiPiPiUITests;
				PRODUCT_NAME = "$(TARGET_NAME)";
				TEST_TARGET_NAME = OrangePiPiPiPi;
			};
			name = Debug;
		};
		23BBDBD2205A227B004B3040 /* Release */ = {
			isa = XCBuildConfiguration;
			buildSettings = {
				DEVELOPMENT_TEAM = 47DQ574YY5;
				INFOPLIST_FILE = OrangePiPiPiPiUITests/Info.plist;
				LD_RUNPATH_SEARCH_PATHS = "$(inherited) @executable_path/Frameworks @loader_path/Frameworks";
				PRODUCT_BUNDLE_IDENTIFIER = OrangePiPiPiPi.OrangePiPiPiPiUITests;
				PRODUCT_NAME = "$(TARGET_NAME)";
				TEST_TARGET_NAME = OrangePiPiPiPi;
			};
			name = Release;
		};
/* End XCBuildConfiguration section */

/* Begin XCConfigurationList section */
		23BBDB98205A227B004B3040 /* Build configuration list for PBXProject "OrangePiPiPiPi" */ = {
			isa = XCConfigurationList;
			buildConfigurations = (
				23BBDBC8205A227B004B3040 /* Debug */,
				23BBDBC9205A227B004B3040 /* Release */,
			);
			defaultConfigurationIsVisible = 0;
			defaultConfigurationName = Release;
		};
		23BBDBCA205A227B004B3040 /* Build configuration list for PBXNativeTarget "OrangePiPiPiPi" */ = {
			isa = XCConfigurationList;
			buildConfigurations = (
				23BBDBCB205A227B004B3040 /* Debug */,
				23BBDBCC205A227B004B3040 /* Release */,
			);
			defaultConfigurationIsVisible = 0;
		};
		23BBDBCD205A227B004B3040 /* Build configuration list for PBXNativeTarget "OrangePiPiPiPiTests" */ = {
			isa = XCConfigurationList;
			buildConfigurations = (
				23BBDBCE205A227B004B3040 /* Debug */,
				23BBDBCF205A227B004B3040 /* Release */,
			);
			defaultConfigurationIsVisible = 0;
		};
		23BBDBD0205A227B004B3040 /* Build configuration list for PBXNativeTarget "OrangePiPiPiPiUITests" */ = {
			isa = XCConfigurationList;
			buildConfigurations = (
				23BBDBD1205A227B004B3040 /* Debug */,
				23BBDBD2205A227B004B3040 /* Release */,
			);
			defaultConfigurationIsVisible = 0;
		};
/* End XCConfigurationList section */
	};
	rootObject = 23BBDB95205A227B004B3040 /* Project object */;
}
